
Microsoft Visual Studio Solution File, Format Version 12.00
# Visual Studio Version 17
VisualStudioVersion = 17.5.33516.290
MinimumVisualStudioVersion = 10.0.40219.1
Project("{FAE04EC0-301F-11D3-BF4B-00C04F79EFBC}") = "Max1.Android", "Max1\Max1.Android\Max1.Android.csproj", "{A62CC813-A431-4CEE-B772-C1EB036ABB3B}"
EndProject
Project("{FAE04EC0-301F-11D3-BF4B-00C04F79EFBC}") = "Max1.iOS", "Max1\Max1.iOS\Max1.iOS.csproj", "{54417BE0-A3B4-4CC0-BAF2-243E0DB492B5}"
EndProject
Project("{FAE04EC0-301F-11D3-BF4B-00C04F79EFBC}") = "Max1", "Max1\Max1\Max1.csproj", "{DC9054FD-B272-46A3-B186-8087F66D3160}"
EndProject
Global
	GlobalSection(SolutionConfigurationPlatforms) = preSolution
		Debug|Any CPU = Debug|Any CPU
		Debug|iPhone = Debug|iPhone
		Debug|iPhoneSimulator = Debug|iPhoneSimulator
		Release|Any CPU = Release|Any CPU
		Release|iPhone = Release|iPhone
		Release|iPhoneSimulator = Release|iPhoneSimulator
	EndGlobalSection
	GlobalSection(ProjectConfigurationPlatforms) = postSolution
		{A62CC813-A431-4CEE-B772-C1EB036ABB3B}.Debug|Any CPU.ActiveCfg = Debug|Any CPU
		{A62CC813-A431-4CEE-B772-C1EB036ABB3B}.Debug|Any CPU.Build.0 = Debug|Any CPU
		{A62CC813-A431-4CEE-B772-C1EB036ABB3B}.Debug|Any CPU.Deploy.0 = Debug|Any CPU
		{A62CC813-A431-4CEE-B772-C1EB036ABB3B}.Debug|iPhone.ActiveCfg = Debug|Any CPU
		{A62CC813-A431-4CEE-B772-C1EB036ABB3B}.Debug|iPhone.Build.0 = Debug|Any CPU
		{A62CC813-A431-4CEE-B772-C1EB036ABB3B}.Debug|iPhone.Deploy.0 = Debug|Any CPU
		{A62CC813-A431-4CEE-B772-C1EB036ABB3B}.Debug|iPhoneSimulator.ActiveCfg = Debug|Any CPU
		{A62CC813-A431-4CEE-B772-C1EB036ABB3B}.Debug|iPhoneSimulator.Build.0 = Debug|Any CPU
		{A62CC813-A431-4CEE-B772-C1EB036ABB3B}.Debug|iPhoneSimulator.Deploy.0 = Debug|Any CPU
		{A62CC813-A431-4CEE-B772-C1EB036ABB3B}.Release|Any CPU.ActiveCfg = Release|Any CPU
		{A62CC813-A431-4CEE-B772-C1EB036ABB3B}.Release|Any CPU.Build.0 = Release|Any CPU
		{A62CC813-A431-4CEE-B772-C1EB036ABB3B}.Release|Any CPU.Deploy.0 = Release|Any CPU
		{A62CC813-A431-4CEE-B772-C1EB036ABB3B}.Release|iPhone.ActiveCfg = Release|Any CPU
		{A62CC813-A431-4CEE-B772-C1EB036ABB3B}.Release|iPhone.Build.0 = Release|Any CPU
		{A62CC813-A431-4CEE-B772-C1EB036ABB3B}.Release|iPhone.Deploy.0 = Release|Any CPU
		{A62CC813-A431-4CEE-B772-C1EB036ABB3B}.Release|iPhoneSimulator.ActiveCfg = Release|Any CPU
		{A62CC813-A431-4CEE-B772-C1EB036ABB3B}.Release|iPhoneSimulator.Build.0 = Release|Any CPU
		{A62CC813-A431-4CEE-B772-C1EB036ABB3B}.Release|iPhoneSimulator.Deploy.0 = Release|Any CPU
		{54417BE0-A3B4-4CC0-BAF2-243E0DB492B5}.Debug|Any CPU.ActiveCfg = Debug|iPhone
		{54417BE0-A3B4-4CC0-BAF2-243E0DB492B5}.Debug|Any CPU.Build.0 = Debug|iPhone
		{54417BE0-A3B4-4CC0-BAF2-243E0DB492B5}.Debug|Any CPU.Deploy.0 = Debug|iPhone
		{54417BE0-A3B4-4CC0-BAF2-243E0DB492B5}.Debug|iPhone.ActiveCfg = Debug|iPhone
		{54417BE0-A3B4-4CC0-BAF2-243E0DB492B5}.Debug|iPhone.Build.0 = Debug|iPhone
		{54417BE0-A3B4-4CC0-BAF2-243E0DB492B5}.Debug|iPhone.Deploy.0 = Debug|iPhone
		{54417BE0-A3B4-4CC0-BAF2-243E0DB492B5}.Debug|iPhoneSimulator.ActiveCfg = Debug|iPhoneSimulator
		{54417BE0-A3B4-4CC0-BAF2-243E0DB492B5}.Debug|iPhoneSimulator.Build.0 = Debug|iPhoneSimulator
		{54417BE0-A3B4-4CC0-BAF2-243E0DB492B5}.Debug|iPhoneSimulator.Deploy.0 = Debug|iPhoneSimulator
		{54417BE0-A3B4-4CC0-BAF2-243E0DB492B5}.Release|Any CPU.ActiveCfg = Release|iPhoneSimulator
		{54417BE0-A3B4-4CC0-BAF2-243E0DB492B5}.Release|Any CPU.Build.0 = Release|iPhoneSimulator
		{54417BE0-A3B4-4CC0-BAF2-243E0DB492B5}.Release|Any CPU.Deploy.0 = Release|iPhoneSimulator
		{54417BE0-A3B4-4CC0-BAF2-243E0DB492B5}.Release|iPhone.ActiveCfg = Release|iPhone
		{54417BE0-A3B4-4CC0-BAF2-243E0DB492B5}.Release|iPhone.Build.0 = Release|iPhone
		{54417BE0-A3B4-4CC0-BAF2-243E0DB492B5}.Release|iPhone.Deploy.0 = Release|iPhone
		{54417BE0-A3B4-4CC0-BAF2-243E0DB492B5}.Release|iPhoneSimulator.ActiveCfg = Release|iPhoneSimulator
		{54417BE0-A3B4-4CC0-BAF2-243E0DB492B5}.Release|iPhoneSimulator.Build.0 = Release|iPhoneSimulator
		{54417BE0-A3B4-4CC0-BAF2-243E0DB492B5}.Release|iPhoneSimulator.Deploy.0 = Release|iPhoneSimulator
		{DC9054FD-B272-46A3-B186-8087F66D3160}.Debug|Any CPU.ActiveCfg = Debug|Any CPU
		{DC9054FD-B272-46A3-B186-8087F66D3160}.Debug|Any CPU.Build.0 = Debug|Any CPU
		{DC9054FD-B272-46A3-B186-8087F66D3160}.Debug|Any CPU.Deploy.0 = Debug|Any CPU
		{DC9054FD-B272-46A3-B186-8087F66D3160}.Debug|iPhone.ActiveCfg = Debug|Any CPU
		{DC9054FD-B272-46A3-B186-8087F66D3160}.Debug|iPhone.Build.0 = Debug|Any CPU
		{DC9054FD-B272-46A3-B186-8087F66D3160}.Debug|iPhone.Deploy.0 = Debug|Any CPU
		{DC9054FD-B272-46A3-B186-8087F66D3160}.Debug|iPhoneSimulator.ActiveCfg = Debug|Any CPU
		{DC9054FD-B272-46A3-B186-8087F66D3160}.Debug|iPhoneSimulator.Build.0 = Debug|Any CPU
		{DC9054FD-B272-46A3-B186-8087F66D3160}.Debug|iPhoneSimulator.Deploy.0 = Debug|Any CPU
		{DC9054FD-B272-46A3-B186-8087F66D3160}.Release|Any CPU.ActiveCfg = Release|Any CPU
		{DC9054FD-B272-46A3-B186-8087F66D3160}.Release|Any CPU.Build.0 = Release|Any CPU
		{DC9054FD-B272-46A3-B186-8087F66D3160}.Release|Any CPU.Deploy.0 = Release|Any CPU
		{DC9054FD-B272-46A3-B186-8087F66D3160}.Release|iPhone.ActiveCfg = Release|Any CPU
		{DC9054FD-B272-46A3-B186-8087F66D3160}.Release|iPhone.Build.0 = Release|Any CPU
		{DC9054FD-B272-46A3-B186-8087F66D3160}.Release|iPhone.Deploy.0 = Release|Any CPU
		{DC9054FD-B272-46A3-B186-8087F66D3160}.Release|iPhoneSimulator.ActiveCfg = Release|Any CPU
		{DC9054FD-B272-46A3-B186-8087F66D3160}.Release|iPhoneSimulator.Build.0 = Release|Any CPU
		{DC9054FD-B272-46A3-B186-8087F66D3160}.Release|iPhoneSimulator.Deploy.0 = Release|Any CPU
	EndGlobalSection
	GlobalSection(SolutionProperties) = preSolution
		HideSolutionNode = FALSE
	EndGlobalSection
	GlobalSection(ExtensibilityGlobals) = postSolution
		SolutionGuid = {D938B956-8EF4-4627-9228-9487EBC111B1}
	EndGlobalSection
EndGlobal
